
Microsoft Visual Studio Solution File, Format Version 12.00
# Visual Studio Version 17
VisualStudioVersion = 17.0.31903.59
MinimumVisualStudioVersion = 10.0.40219.1
Project("{2150E333-8FDC-42A3-9474-1A3956D46DE8}") = "src", "src", "{4A8A8273-58F1-463A-B13F-D78BE0F28104}"
EndProject
Project("{2150E333-8FDC-42A3-9474-1A3956D46DE8}") = "Libraries", "Libraries", "{283EE7BD-47B9-4A6C-90E5-E68DCD6786A5}"
EndProject
Project("{9A19103F-16F7-4668-BE54-9A1E7A4F7556}") = "PH.Core", "src\Libraries\PH.Core\PH.Core.csproj", "{BBA549B4-DFD5-4FA1-8DB3-5332FE1F2514}"
EndProject
Project("{9A19103F-16F7-4668-BE54-9A1E7A4F7556}") = "PH.Data", "src\Libraries\PH.Data\PH.Data.csproj", "{700E0908-BCC8-4BC8-AC1C-4C37CC53FDA2}"
EndProject
Project("{9A19103F-16F7-4668-BE54-9A1E7A4F7556}") = "PH.Services", "src\Libraries\PH.Services\PH.Services.csproj", "{2B74CAE5-9404-4BB8-9F93-AF3171846604}"
EndProject
Project("{2150E333-8FDC-42A3-9474-1A3956D46DE8}") = "Presentation", "Presentation", "{6E886F50-263D-4A0A-9F30-4A30D776F95C}"
EndProject
Project("{9A19103F-16F7-4668-BE54-9A1E7A4F7556}") = "PH.Web.Framework", "src\Presentation\PH.Web.Framework\PH.Web.Framework.csproj", "{BE7659F7-EAFB-4372-95D2-8EBC038AC4BF}"
EndProject
Project("{9A19103F-16F7-4668-BE54-9A1E7A4F7556}") = "PH.Web", "src\Presentation\PH.Web\PH.Web.csproj", "{0C809632-FBE2-401F-984C-806F6229D8C6}"
EndProject
Project("{2150E333-8FDC-42A3-9474-1A3956D46DE8}") = "Test", "Test", "{504FB643-88DB-4A85-983A-9879BF858769}"
EndProject
Project("{FAE04EC0-301F-11D3-BF4B-00C04F79EFBC}") = "PH.Tests", "src\Presentation\PH.Tests\PH.Tests.csproj", "{5D1E8180-1213-48B9-8DCB-EFF84C41BC14}"
EndProject
Global
	GlobalSection(SolutionConfigurationPlatforms) = preSolution
		Debug|Any CPU = Debug|Any CPU
		Release|Any CPU = Release|Any CPU
	EndGlobalSection
	GlobalSection(ProjectConfigurationPlatforms) = postSolution
		{BBA549B4-DFD5-4FA1-8DB3-5332FE1F2514}.Debug|Any CPU.ActiveCfg = Debug|Any CPU
		{BBA549B4-DFD5-4FA1-8DB3-5332FE1F2514}.Debug|Any CPU.Build.0 = Debug|Any CPU
		{BBA549B4-DFD5-4FA1-8DB3-5332FE1F2514}.Release|Any CPU.ActiveCfg = Release|Any CPU
		{BBA549B4-DFD5-4FA1-8DB3-5332FE1F2514}.Release|Any CPU.Build.0 = Release|Any CPU
		{700E0908-BCC8-4BC8-AC1C-4C37CC53FDA2}.Debug|Any CPU.ActiveCfg = Debug|Any CPU
		{700E0908-BCC8-4BC8-AC1C-4C37CC53FDA2}.Debug|Any CPU.Build.0 = Debug|Any CPU
		{700E0908-BCC8-4BC8-AC1C-4C37CC53FDA2}.Release|Any CPU.ActiveCfg = Release|Any CPU
		{700E0908-BCC8-4BC8-AC1C-4C37CC53FDA2}.Release|Any CPU.Build.0 = Release|Any CPU
		{2B74CAE5-9404-4BB8-9F93-AF3171846604}.Debug|Any CPU.ActiveCfg = Debug|Any CPU
		{2B74CAE5-9404-4BB8-9F93-AF3171846604}.Debug|Any CPU.Build.0 = Debug|Any CPU
		{2B74CAE5-9404-4BB8-9F93-AF3171846604}.Release|Any CPU.ActiveCfg = Release|Any CPU
		{2B74CAE5-9404-4BB8-9F93-AF3171846604}.Release|Any CPU.Build.0 = Release|Any CPU
		{BE7659F7-EAFB-4372-95D2-8EBC038AC4BF}.Debug|Any CPU.ActiveCfg = Debug|Any CPU
		{BE7659F7-EAFB-4372-95D2-8EBC038AC4BF}.Debug|Any CPU.Build.0 = Debug|Any CPU
		{BE7659F7-EAFB-4372-95D2-8EBC038AC4BF}.Release|Any CPU.ActiveCfg = Release|Any CPU
		{BE7659F7-EAFB-4372-95D2-8EBC038AC4BF}.Release|Any CPU.Build.0 = Release|Any CPU
		{0C809632-FBE2-401F-984C-806F6229D8C6}.Debug|Any CPU.ActiveCfg = Debug|Any CPU
		{0C809632-FBE2-401F-984C-806F6229D8C6}.Debug|Any CPU.Build.0 = Debug|Any CPU
		{0C809632-FBE2-401F-984C-806F6229D8C6}.Release|Any CPU.ActiveCfg = Release|Any CPU
		{0C809632-FBE2-401F-984C-806F6229D8C6}.Release|Any CPU.Build.0 = Release|Any CPU
		{5D1E8180-1213-48B9-8DCB-EFF84C41BC14}.Debug|Any CPU.ActiveCfg = Debug|Any CPU
		{5D1E8180-1213-48B9-8DCB-EFF84C41BC14}.Debug|Any CPU.Build.0 = Debug|Any CPU
		{5D1E8180-1213-48B9-8DCB-EFF84C41BC14}.Release|Any CPU.ActiveCfg = Release|Any CPU
		{5D1E8180-1213-48B9-8DCB-EFF84C41BC14}.Release|Any CPU.Build.0 = Release|Any CPU
	EndGlobalSection
	GlobalSection(SolutionProperties) = preSolution
		HideSolutionNode = FALSE
	EndGlobalSection
	GlobalSection(NestedProjects) = preSolution
		{283EE7BD-47B9-4A6C-90E5-E68DCD6786A5} = {4A8A8273-58F1-463A-B13F-D78BE0F28104}
		{BBA549B4-DFD5-4FA1-8DB3-5332FE1F2514} = {283EE7BD-47B9-4A6C-90E5-E68DCD6786A5}
		{700E0908-BCC8-4BC8-AC1C-4C37CC53FDA2} = {283EE7BD-47B9-4A6C-90E5-E68DCD6786A5}
		{2B74CAE5-9404-4BB8-9F93-AF3171846604} = {283EE7BD-47B9-4A6C-90E5-E68DCD6786A5}
		{6E886F50-263D-4A0A-9F30-4A30D776F95C} = {4A8A8273-58F1-463A-B13F-D78BE0F28104}
		{BE7659F7-EAFB-4372-95D2-8EBC038AC4BF} = {6E886F50-263D-4A0A-9F30-4A30D776F95C}
		{0C809632-FBE2-401F-984C-806F6229D8C6} = {6E886F50-263D-4A0A-9F30-4A30D776F95C}
		{504FB643-88DB-4A85-983A-9879BF858769} = {4A8A8273-58F1-463A-B13F-D78BE0F28104}
		{5D1E8180-1213-48B9-8DCB-EFF84C41BC14} = {504FB643-88DB-4A85-983A-9879BF858769}
	EndGlobalSection
	GlobalSection(ExtensibilityGlobals) = postSolution
		SolutionGuid = {3015A8DD-1ED2-4855-B7E6-1C03F8EBC453}
	EndGlobalSection
EndGlobal
